
Microsoft Visual Studio Solution File, Format Version 12.00
# Visual Studio Version 16
VisualStudioVersion = 16.0.30114.105
MinimumVisualStudioVersion = 10.0.40219.1
Project("{FAE04EC0-301F-11D3-BF4B-00C04F79EFBC}") = "LoginModel", "LoginModel\LoginModel.csproj", "{2841C0A5-518A-43E2-8CD0-7C73CB179BAC}"
EndProject
Global
	GlobalSection(SolutionConfigurationPlatforms) = preSolution
		Debug|Any CPU = Debug|Any CPU
		Release|Any CPU = Release|Any CPU
	EndGlobalSection
	GlobalSection(ProjectConfigurationPlatforms) = postSolution
		{2841C0A5-518A-43E2-8CD0-7C73CB179BAC}.Debug|Any CPU.ActiveCfg = Debug|Any CPU
		{2841C0A5-518A-43E2-8CD0-7C73CB179BAC}.Debug|Any CPU.Build.0 = Debug|Any CPU
		{2841C0A5-518A-43E2-8CD0-7C73CB179BAC}.Release|Any CPU.ActiveCfg = Release|Any CPU
		{2841C0A5-518A-43E2-8CD0-7C73CB179BAC}.Release|Any CPU.Build.0 = Release|Any CPU
	EndGlobalSection
	GlobalSection(SolutionProperties) = preSolution
		HideSolutionNode = FALSE
	EndGlobalSection
	GlobalSection(ExtensibilityGlobals) = postSolution
		SolutionGuid = {DEE4C882-2DE4-4240-8004-7FEAEF5A67E8}
	EndGlobalSection
EndGlobal
